# THIS IS AN AUTOGENERATED FILE. DO NOT EDIT THIS FILE DIRECTLY.
# yarn lockfile v1


typescript@^3.8.3:
  version "3.8.3"
  resolved "https://registry.yarnpkg.com/typescript/-/typescript-3.8.3.tgz#409eb8544ea0335711205869ec458ab109ee1061"
  integrity sha512-MYlEfn5VrLNsgudQTVJeNaQFUAI7DkhnOjdpAp4T+ku1TfQClewlbSuTVHiA+8skNBgaf02TL/kLOvig4y3G8w==

vue-class-component@^7.1.0, vue-class-component@^7.2.3:
  version "7.2.3"
  resolved "https://registry.yarnpkg.com/vue-class-component/-/vue-class-component-7.2.3.tgz#a5b1abd53513a72ad51098752e2dedd499807cca"
  integrity sha512-oEqYpXKaFN+TaXU+mRLEx8dX0ah85aAJEe61mpdoUrq0Bhe/6sWhyZX1JjMQLhVsHAkncyhedhmCdDVSasUtDw==

vue-property-decorator@^8.4.2:
  version "8.4.2"
  resolved "https://registry.yarnpkg.com/vue-property-decorator/-/vue-property-decorator-8.4.2.tgz#016e17f259f73bc547e77a50ce282ba18db4ee41"
  integrity sha512-IqbARlvgPE2pzKfbecKxsu2yEH0Wv7hfHR6m4eZA3LTnNw9hveAX77vDfLFyTeMISS5N7Kucp/xRSHjcQ6bAfQ==
  dependencies:
    vue-class-component "^7.1.0"

vue@^2.6.11:
  version "2.6.11"
  resolved "https://registry.yarnpkg.com/vue/-/vue-2.6.11.tgz#76594d877d4b12234406e84e35275c6d514125c5"
  integrity sha512-VfPwgcGABbGAue9+sfrD4PuwFar7gPb1yl1UK1MwXoQPAw0BKSqWfoYCT/ThFrdEVWoI51dBuyCoiNU9bZDZxQ==
